
Microsoft Visual Studio Solution File, Format Version 12.00
# Visual Studio Version 17
VisualStudioVersion = 17.5.33530.505
MinimumVisualStudioVersion = 10.0.40219.1
Project("{FAE04EC0-301F-11D3-BF4B-00C04F79EFBC}") = "HotelBooking", "HotelBooking.csproj", "{49C52FFC-1F8E-4F3D-9EA3-D6328E4F418F}"
EndProject
Global
	GlobalSection(SolutionConfigurationPlatforms) = preSolution
		Debug|Any CPU = Debug|Any CPU
		Release|Any CPU = Release|Any CPU
	EndGlobalSection
	GlobalSection(ProjectConfigurationPlatforms) = postSolution
		{49C52FFC-1F8E-4F3D-9EA3-D6328E4F418F}.Debug|Any CPU.ActiveCfg = Debug|Any CPU
		{49C52FFC-1F8E-4F3D-9EA3-D6328E4F418F}.Debug|Any CPU.Build.0 = Debug|Any CPU
		{49C52FFC-1F8E-4F3D-9EA3-D6328E4F418F}.Release|Any CPU.ActiveCfg = Release|Any CPU
		{49C52FFC-1F8E-4F3D-9EA3-D6328E4F418F}.Release|Any CPU.Build.0 = Release|Any CPU
	EndGlobalSection
	GlobalSection(SolutionProperties) = preSolution
		HideSolutionNode = FALSE
	EndGlobalSection
	GlobalSection(ExtensibilityGlobals) = postSolution
		SolutionGuid = {221F1466-3170-46D4-A213-CB83C3F3D8DF}
	EndGlobalSection
EndGlobal
